
Microsoft Visual Studio Solution File, Format Version 12.00
# Visual Studio 2012
Project("{FAE04EC0-301F-11D3-BF4B-00C04F79EFBC}") = "YemekSepetiFiyat", "YemekSepetiFiyat\YemekSepetiFiyat.csproj", "{9EBB9981-5997-4763-94D3-697492520013}"
EndProject
Project("{6141683F-8A12-4E36-9623-2EB02B2C2303}") = "FiyatFaresiKur", "FiyatFaresiKur\FiyatFaresiKur.isproj", "{91EA3870-7614-401F-95D5-EE365305AB5D}"
	ProjectSection(ProjectDependencies) = postProject
		{9EBB9981-5997-4763-94D3-697492520013} = {9EBB9981-5997-4763-94D3-697492520013}
	EndProjectSection
EndProject
Global
	GlobalSection(SolutionConfigurationPlatforms) = preSolution
		CD_ROM|Any CPU = CD_ROM|Any CPU
		Debug|Any CPU = Debug|Any CPU
		DVD-5|Any CPU = DVD-5|Any CPU
		Release|Any CPU = Release|Any CPU
		SingleImage|Any CPU = SingleImage|Any CPU
	EndGlobalSection
	GlobalSection(ProjectConfigurationPlatforms) = postSolution
		{9EBB9981-5997-4763-94D3-697492520013}.CD_ROM|Any CPU.ActiveCfg = Release|Any CPU
		{9EBB9981-5997-4763-94D3-697492520013}.CD_ROM|Any CPU.Build.0 = Release|Any CPU
		{9EBB9981-5997-4763-94D3-697492520013}.Debug|Any CPU.ActiveCfg = Debug|Any CPU
		{9EBB9981-5997-4763-94D3-697492520013}.Debug|Any CPU.Build.0 = Debug|Any CPU
		{9EBB9981-5997-4763-94D3-697492520013}.DVD-5|Any CPU.ActiveCfg = Debug|Any CPU
		{9EBB9981-5997-4763-94D3-697492520013}.DVD-5|Any CPU.Build.0 = Debug|Any CPU
		{9EBB9981-5997-4763-94D3-697492520013}.Release|Any CPU.ActiveCfg = Release|Any CPU
		{9EBB9981-5997-4763-94D3-697492520013}.Release|Any CPU.Build.0 = Release|Any CPU
		{9EBB9981-5997-4763-94D3-697492520013}.SingleImage|Any CPU.ActiveCfg = Release|Any CPU
		{9EBB9981-5997-4763-94D3-697492520013}.SingleImage|Any CPU.Build.0 = Release|Any CPU
		{91EA3870-7614-401F-95D5-EE365305AB5D}.CD_ROM|Any CPU.ActiveCfg = CD_ROM
		{91EA3870-7614-401F-95D5-EE365305AB5D}.CD_ROM|Any CPU.Build.0 = CD_ROM
		{91EA3870-7614-401F-95D5-EE365305AB5D}.Debug|Any CPU.ActiveCfg = DVD-5
		{91EA3870-7614-401F-95D5-EE365305AB5D}.Debug|Any CPU.Build.0 = DVD-5
		{91EA3870-7614-401F-95D5-EE365305AB5D}.DVD-5|Any CPU.ActiveCfg = DVD-5
		{91EA3870-7614-401F-95D5-EE365305AB5D}.DVD-5|Any CPU.Build.0 = DVD-5
		{91EA3870-7614-401F-95D5-EE365305AB5D}.Release|Any CPU.ActiveCfg = SingleImage
		{91EA3870-7614-401F-95D5-EE365305AB5D}.Release|Any CPU.Build.0 = SingleImage
		{91EA3870-7614-401F-95D5-EE365305AB5D}.SingleImage|Any CPU.ActiveCfg = SingleImage
		{91EA3870-7614-401F-95D5-EE365305AB5D}.SingleImage|Any CPU.Build.0 = SingleImage
	EndGlobalSection
	GlobalSection(SolutionProperties) = preSolution
		HideSolutionNode = FALSE
	EndGlobalSection
EndGlobal
